
Microsoft Visual Studio Solution File, Format Version 12.00
# Visual Studio Version 16
VisualStudioVersion = 16.0.30128.74
MinimumVisualStudioVersion = 10.0.40219.1
Project("{FAE04EC0-301F-11D3-BF4B-00C04F79EFBC}") = "CustomDbIdentity", "CustomDbIdentity\CustomDbIdentity.csproj", "{FB018A04-F226-49EE-9405-CC1B22485CED}"
EndProject
Global
	GlobalSection(SolutionConfigurationPlatforms) = preSolution
		Debug|Any CPU = Debug|Any CPU
		Release|Any CPU = Release|Any CPU
	EndGlobalSection
	GlobalSection(ProjectConfigurationPlatforms) = postSolution
		{FB018A04-F226-49EE-9405-CC1B22485CED}.Debug|Any CPU.ActiveCfg = Debug|Any CPU
		{FB018A04-F226-49EE-9405-CC1B22485CED}.Debug|Any CPU.Build.0 = Debug|Any CPU
		{FB018A04-F226-49EE-9405-CC1B22485CED}.Release|Any CPU.ActiveCfg = Release|Any CPU
		{FB018A04-F226-49EE-9405-CC1B22485CED}.Release|Any CPU.Build.0 = Release|Any CPU
	EndGlobalSection
	GlobalSection(SolutionProperties) = preSolution
		HideSolutionNode = FALSE
	EndGlobalSection
	GlobalSection(ExtensibilityGlobals) = postSolution
		SolutionGuid = {49549479-BAD6-483C-95F9-45198F478743}
	EndGlobalSection
EndGlobal
